
Microsoft Visual Studio Solution File, Format Version 12.00
# Visual Studio Version 17
VisualStudioVersion = 17.3.32804.467
MinimumVisualStudioVersion = 10.0.40219.1
Project("{9A19103F-16F7-4668-BE54-9A1E7A4F7556}") = "Robo.Services.Api", "..\Robo.Services.Api\Robo.Services.Api.csproj", "{DFCC3C19-DF41-46C3-A809-78FDF476F896}"
EndProject
Project("{9A19103F-16F7-4668-BE54-9A1E7A4F7556}") = "Robo.Services.Domain", "..\Robo.Services.Domain\Robo.Services.Domain.csproj", "{A3EFC8C5-7894-4304-8F1C-4C883C3FB083}"
EndProject
Project("{9A19103F-16F7-4668-BE54-9A1E7A4F7556}") = "Robo.Services.Infra", "..\Robo.Services.Infra\Robo.Services.Infra.csproj", "{6ACA2C33-1E79-4676-98EC-F6DE6B000B05}"
EndProject
Project("{9A19103F-16F7-4668-BE54-9A1E7A4F7556}") = "Robo.Services.Service", "..\Robo.Services.Service\Robo.Services.Service.csproj", "{9F9D83E3-ADE6-466C-9034-C7B3B025C1F6}"
EndProject
Global
	GlobalSection(SolutionConfigurationPlatforms) = preSolution
		Debug|Any CPU = Debug|Any CPU
		Release|Any CPU = Release|Any CPU
	EndGlobalSection
	GlobalSection(ProjectConfigurationPlatforms) = postSolution
		{DFCC3C19-DF41-46C3-A809-78FDF476F896}.Debug|Any CPU.ActiveCfg = Debug|Any CPU
		{DFCC3C19-DF41-46C3-A809-78FDF476F896}.Debug|Any CPU.Build.0 = Debug|Any CPU
		{DFCC3C19-DF41-46C3-A809-78FDF476F896}.Release|Any CPU.ActiveCfg = Release|Any CPU
		{DFCC3C19-DF41-46C3-A809-78FDF476F896}.Release|Any CPU.Build.0 = Release|Any CPU
		{A3EFC8C5-7894-4304-8F1C-4C883C3FB083}.Debug|Any CPU.ActiveCfg = Debug|Any CPU
		{A3EFC8C5-7894-4304-8F1C-4C883C3FB083}.Debug|Any CPU.Build.0 = Debug|Any CPU
		{A3EFC8C5-7894-4304-8F1C-4C883C3FB083}.Release|Any CPU.ActiveCfg = Release|Any CPU
		{A3EFC8C5-7894-4304-8F1C-4C883C3FB083}.Release|Any CPU.Build.0 = Release|Any CPU
		{6ACA2C33-1E79-4676-98EC-F6DE6B000B05}.Debug|Any CPU.ActiveCfg = Debug|Any CPU
		{6ACA2C33-1E79-4676-98EC-F6DE6B000B05}.Debug|Any CPU.Build.0 = Debug|Any CPU
		{6ACA2C33-1E79-4676-98EC-F6DE6B000B05}.Release|Any CPU.ActiveCfg = Release|Any CPU
		{6ACA2C33-1E79-4676-98EC-F6DE6B000B05}.Release|Any CPU.Build.0 = Release|Any CPU
		{9F9D83E3-ADE6-466C-9034-C7B3B025C1F6}.Debug|Any CPU.ActiveCfg = Debug|Any CPU
		{9F9D83E3-ADE6-466C-9034-C7B3B025C1F6}.Debug|Any CPU.Build.0 = Debug|Any CPU
		{9F9D83E3-ADE6-466C-9034-C7B3B025C1F6}.Release|Any CPU.ActiveCfg = Release|Any CPU
		{9F9D83E3-ADE6-466C-9034-C7B3B025C1F6}.Release|Any CPU.Build.0 = Release|Any CPU
	EndGlobalSection
	GlobalSection(SolutionProperties) = preSolution
		HideSolutionNode = FALSE
	EndGlobalSection
	GlobalSection(ExtensibilityGlobals) = postSolution
		SolutionGuid = {26184019-E658-4F0D-BA02-CF55539C4B18}
	EndGlobalSection
EndGlobal
